
Microsoft Visual Studio Solution File, Format Version 12.00
# Visual Studio Version 17
VisualStudioVersion = 17.11.35327.3
MinimumVisualStudioVersion = 10.0.40219.1
Project("{9A19103F-16F7-4668-BE54-9A1E7A4F7556}") = "Monitor_App.Movil", "Monitor_App.Movil\Monitor_App.Movil.csproj", "{2FFCB9CD-9E90-4059-B2E0-2CCB05D80D88}"
EndProject
Project("{FAE04EC0-301F-11D3-BF4B-00C04F79EFBC}") = "Monitor_App.Web", "Monitor_App.Web\Monitor_App.Web.csproj", "{746D199A-447E-4407-86F0-9D9451E4A51F}"
EndProject
Global
	GlobalSection(SolutionConfigurationPlatforms) = preSolution
		Debug|Any CPU = Debug|Any CPU
		Release|Any CPU = Release|Any CPU
	EndGlobalSection
	GlobalSection(ProjectConfigurationPlatforms) = postSolution
		{2FFCB9CD-9E90-4059-B2E0-2CCB05D80D88}.Debug|Any CPU.ActiveCfg = Debug|Any CPU
		{2FFCB9CD-9E90-4059-B2E0-2CCB05D80D88}.Debug|Any CPU.Build.0 = Debug|Any CPU
		{2FFCB9CD-9E90-4059-B2E0-2CCB05D80D88}.Debug|Any CPU.Deploy.0 = Debug|Any CPU
		{2FFCB9CD-9E90-4059-B2E0-2CCB05D80D88}.Release|Any CPU.ActiveCfg = Release|Any CPU
		{2FFCB9CD-9E90-4059-B2E0-2CCB05D80D88}.Release|Any CPU.Build.0 = Release|Any CPU
		{746D199A-447E-4407-86F0-9D9451E4A51F}.Debug|Any CPU.ActiveCfg = Debug|Any CPU
		{746D199A-447E-4407-86F0-9D9451E4A51F}.Debug|Any CPU.Build.0 = Debug|Any CPU
		{746D199A-447E-4407-86F0-9D9451E4A51F}.Release|Any CPU.ActiveCfg = Release|Any CPU
		{746D199A-447E-4407-86F0-9D9451E4A51F}.Release|Any CPU.Build.0 = Release|Any CPU
	EndGlobalSection
	GlobalSection(SolutionProperties) = preSolution
		HideSolutionNode = FALSE
	EndGlobalSection
	GlobalSection(ExtensibilityGlobals) = postSolution
		SolutionGuid = {8E4D98EC-F207-4CDD-B35E-6CEABAD8D81B}
	EndGlobalSection
EndGlobal
